
Microsoft Visual Studio Solution File, Format Version 11.00
# Visual Studio 2010
Project("{2150E333-8FDC-42A3-9474-1A3956D46DE8}") = "Solution Items", "Solution Items", "{AC2BA4F3-7D1B-4A06-BA8D-D238EDBDC0E7}"
	ProjectSection(SolutionItems) = preProject
		Local.testsettings = Local.testsettings
		TraceAndTestImpact.testsettings = TraceAndTestImpact.testsettings
		WcfService.vsmdi = WcfService.vsmdi
	EndProjectSection
EndProject
Project("{FAE04EC0-301F-11D3-BF4B-00C04F79EFBC}") = "PowerPointLibrary", "PowerPointLibrary\PowerPointLibrary.csproj", "{244A6FAF-A40B-425B-A063-74672E630540}"
EndProject
Project("{FAE04EC0-301F-11D3-BF4B-00C04F79EFBC}") = "ServiceTest", "ServiceTest\ServiceTest.csproj", "{AA58A61C-995F-43B3-BDAF-3BCBF12D1C51}"
EndProject
Project("{FAE04EC0-301F-11D3-BF4B-00C04F79EFBC}") = "WCFClientExample", "WCFClientExample\WCFClientExample.csproj", "{A0E2DCD6-D01D-4E10-94DB-7064D6185DEB}"
EndProject
Project("{FAE04EC0-301F-11D3-BF4B-00C04F79EFBC}") = "WCFService", "WcfService\WCFService.csproj", "{9FB2C65C-499D-48D5-AD76-B0CBE5C0CD85}"
EndProject
Project("{FAE04EC0-301F-11D3-BF4B-00C04F79EFBC}") = "ServiceHost", "ServiceHost\ServiceHost.csproj", "{95773702-20CF-498D-BF28-D9F7E818506F}"
EndProject
Project("{FAE04EC0-301F-11D3-BF4B-00C04F79EFBC}") = "CommonUtils", "CommonUtils\CommonUtils.csproj", "{FE1F7F9D-FD82-4820-A939-C65FC7360F68}"
EndProject
Project("{FAE04EC0-301F-11D3-BF4B-00C04F79EFBC}") = "KinectPowerPointControl", "KinectPowerPointControl\KinectPowerPointControl.csproj", "{9679A6CD-3B32-4B9C-9C0B-989EE1C070E1}"
EndProject
Global
	GlobalSection(TestCaseManagementSettings) = postSolution
		CategoryFile = WcfService.vsmdi
	EndGlobalSection
	GlobalSection(SolutionConfigurationPlatforms) = preSolution
		Debug|Any CPU = Debug|Any CPU
		Debug|Mixed Platforms = Debug|Mixed Platforms
		Debug|x86 = Debug|x86
		Release|Any CPU = Release|Any CPU
		Release|Mixed Platforms = Release|Mixed Platforms
		Release|x86 = Release|x86
	EndGlobalSection
	GlobalSection(ProjectConfigurationPlatforms) = postSolution
		{244A6FAF-A40B-425B-A063-74672E630540}.Debug|Any CPU.ActiveCfg = Debug|Any CPU
		{244A6FAF-A40B-425B-A063-74672E630540}.Debug|Any CPU.Build.0 = Debug|Any CPU
		{244A6FAF-A40B-425B-A063-74672E630540}.Debug|Mixed Platforms.ActiveCfg = Debug|Any CPU
		{244A6FAF-A40B-425B-A063-74672E630540}.Debug|Mixed Platforms.Build.0 = Debug|Any CPU
		{244A6FAF-A40B-425B-A063-74672E630540}.Debug|x86.ActiveCfg = Debug|Any CPU
		{244A6FAF-A40B-425B-A063-74672E630540}.Release|Any CPU.ActiveCfg = Release|Any CPU
		{244A6FAF-A40B-425B-A063-74672E630540}.Release|Any CPU.Build.0 = Release|Any CPU
		{244A6FAF-A40B-425B-A063-74672E630540}.Release|Mixed Platforms.ActiveCfg = Release|Any CPU
		{244A6FAF-A40B-425B-A063-74672E630540}.Release|Mixed Platforms.Build.0 = Release|Any CPU
		{244A6FAF-A40B-425B-A063-74672E630540}.Release|x86.ActiveCfg = Release|Any CPU
		{AA58A61C-995F-43B3-BDAF-3BCBF12D1C51}.Debug|Any CPU.ActiveCfg = Debug|Any CPU
		{AA58A61C-995F-43B3-BDAF-3BCBF12D1C51}.Debug|Any CPU.Build.0 = Debug|Any CPU
		{AA58A61C-995F-43B3-BDAF-3BCBF12D1C51}.Debug|Mixed Platforms.ActiveCfg = Debug|Any CPU
		{AA58A61C-995F-43B3-BDAF-3BCBF12D1C51}.Debug|Mixed Platforms.Build.0 = Debug|Any CPU
		{AA58A61C-995F-43B3-BDAF-3BCBF12D1C51}.Debug|x86.ActiveCfg = Debug|Any CPU
		{AA58A61C-995F-43B3-BDAF-3BCBF12D1C51}.Release|Any CPU.ActiveCfg = Release|Any CPU
		{AA58A61C-995F-43B3-BDAF-3BCBF12D1C51}.Release|Any CPU.Build.0 = Release|Any CPU
		{AA58A61C-995F-43B3-BDAF-3BCBF12D1C51}.Release|Mixed Platforms.ActiveCfg = Release|Any CPU
		{AA58A61C-995F-43B3-BDAF-3BCBF12D1C51}.Release|Mixed Platforms.Build.0 = Release|Any CPU
		{AA58A61C-995F-43B3-BDAF-3BCBF12D1C51}.Release|x86.ActiveCfg = Release|Any CPU
		{A0E2DCD6-D01D-4E10-94DB-7064D6185DEB}.Debug|Any CPU.ActiveCfg = Debug|x86
		{A0E2DCD6-D01D-4E10-94DB-7064D6185DEB}.Debug|Mixed Platforms.ActiveCfg = Debug|x86
		{A0E2DCD6-D01D-4E10-94DB-7064D6185DEB}.Debug|Mixed Platforms.Build.0 = Debug|x86
		{A0E2DCD6-D01D-4E10-94DB-7064D6185DEB}.Debug|x86.ActiveCfg = Debug|x86
		{A0E2DCD6-D01D-4E10-94DB-7064D6185DEB}.Debug|x86.Build.0 = Debug|x86
		{A0E2DCD6-D01D-4E10-94DB-7064D6185DEB}.Release|Any CPU.ActiveCfg = Release|x86
		{A0E2DCD6-D01D-4E10-94DB-7064D6185DEB}.Release|Mixed Platforms.ActiveCfg = Release|x86
		{A0E2DCD6-D01D-4E10-94DB-7064D6185DEB}.Release|Mixed Platforms.Build.0 = Release|x86
		{A0E2DCD6-D01D-4E10-94DB-7064D6185DEB}.Release|x86.ActiveCfg = Release|x86
		{A0E2DCD6-D01D-4E10-94DB-7064D6185DEB}.Release|x86.Build.0 = Release|x86
		{9FB2C65C-499D-48D5-AD76-B0CBE5C0CD85}.Debug|Any CPU.ActiveCfg = Debug|Any CPU
		{9FB2C65C-499D-48D5-AD76-B0CBE5C0CD85}.Debug|Any CPU.Build.0 = Debug|Any CPU
		{9FB2C65C-499D-48D5-AD76-B0CBE5C0CD85}.Debug|Mixed Platforms.ActiveCfg = Debug|Any CPU
		{9FB2C65C-499D-48D5-AD76-B0CBE5C0CD85}.Debug|Mixed Platforms.Build.0 = Debug|Any CPU
		{9FB2C65C-499D-48D5-AD76-B0CBE5C0CD85}.Debug|x86.ActiveCfg = Debug|Any CPU
		{9FB2C65C-499D-48D5-AD76-B0CBE5C0CD85}.Release|Any CPU.ActiveCfg = Release|Any CPU
		{9FB2C65C-499D-48D5-AD76-B0CBE5C0CD85}.Release|Any CPU.Build.0 = Release|Any CPU
		{9FB2C65C-499D-48D5-AD76-B0CBE5C0CD85}.Release|Mixed Platforms.ActiveCfg = Release|Any CPU
		{9FB2C65C-499D-48D5-AD76-B0CBE5C0CD85}.Release|Mixed Platforms.Build.0 = Release|Any CPU
		{9FB2C65C-499D-48D5-AD76-B0CBE5C0CD85}.Release|x86.ActiveCfg = Release|Any CPU
		{95773702-20CF-498D-BF28-D9F7E818506F}.Debug|Any CPU.ActiveCfg = Debug|x86
		{95773702-20CF-498D-BF28-D9F7E818506F}.Debug|Mixed Platforms.ActiveCfg = Debug|x86
		{95773702-20CF-498D-BF28-D9F7E818506F}.Debug|Mixed Platforms.Build.0 = Debug|x86
		{95773702-20CF-498D-BF28-D9F7E818506F}.Debug|x86.ActiveCfg = Debug|x86
		{95773702-20CF-498D-BF28-D9F7E818506F}.Debug|x86.Build.0 = Debug|x86
		{95773702-20CF-498D-BF28-D9F7E818506F}.Release|Any CPU.ActiveCfg = Release|x86
		{95773702-20CF-498D-BF28-D9F7E818506F}.Release|Mixed Platforms.ActiveCfg = Release|x86
		{95773702-20CF-498D-BF28-D9F7E818506F}.Release|Mixed Platforms.Build.0 = Release|x86
		{95773702-20CF-498D-BF28-D9F7E818506F}.Release|x86.ActiveCfg = Release|x86
		{95773702-20CF-498D-BF28-D9F7E818506F}.Release|x86.Build.0 = Release|x86
		{FE1F7F9D-FD82-4820-A939-C65FC7360F68}.Debug|Any CPU.ActiveCfg = Debug|Any CPU
		{FE1F7F9D-FD82-4820-A939-C65FC7360F68}.Debug|Any CPU.Build.0 = Debug|Any CPU
		{FE1F7F9D-FD82-4820-A939-C65FC7360F68}.Debug|Mixed Platforms.ActiveCfg = Debug|Any CPU
		{FE1F7F9D-FD82-4820-A939-C65FC7360F68}.Debug|Mixed Platforms.Build.0 = Debug|Any CPU
		{FE1F7F9D-FD82-4820-A939-C65FC7360F68}.Debug|x86.ActiveCfg = Debug|Any CPU
		{FE1F7F9D-FD82-4820-A939-C65FC7360F68}.Release|Any CPU.ActiveCfg = Release|Any CPU
		{FE1F7F9D-FD82-4820-A939-C65FC7360F68}.Release|Any CPU.Build.0 = Release|Any CPU
		{FE1F7F9D-FD82-4820-A939-C65FC7360F68}.Release|Mixed Platforms.ActiveCfg = Release|Any CPU
		{FE1F7F9D-FD82-4820-A939-C65FC7360F68}.Release|Mixed Platforms.Build.0 = Release|Any CPU
		{FE1F7F9D-FD82-4820-A939-C65FC7360F68}.Release|x86.ActiveCfg = Release|Any CPU
		{9679A6CD-3B32-4B9C-9C0B-989EE1C070E1}.Debug|Any CPU.ActiveCfg = Debug|x86
		{9679A6CD-3B32-4B9C-9C0B-989EE1C070E1}.Debug|Mixed Platforms.ActiveCfg = Debug|x86
		{9679A6CD-3B32-4B9C-9C0B-989EE1C070E1}.Debug|Mixed Platforms.Build.0 = Debug|x86
		{9679A6CD-3B32-4B9C-9C0B-989EE1C070E1}.Debug|x86.ActiveCfg = Debug|x86
		{9679A6CD-3B32-4B9C-9C0B-989EE1C070E1}.Debug|x86.Build.0 = Debug|x86
		{9679A6CD-3B32-4B9C-9C0B-989EE1C070E1}.Release|Any CPU.ActiveCfg = Release|x86
		{9679A6CD-3B32-4B9C-9C0B-989EE1C070E1}.Release|Mixed Platforms.ActiveCfg = Release|x86
		{9679A6CD-3B32-4B9C-9C0B-989EE1C070E1}.Release|Mixed Platforms.Build.0 = Release|x86
		{9679A6CD-3B32-4B9C-9C0B-989EE1C070E1}.Release|x86.ActiveCfg = Release|x86
		{9679A6CD-3B32-4B9C-9C0B-989EE1C070E1}.Release|x86.Build.0 = Release|x86
	EndGlobalSection
	GlobalSection(SolutionProperties) = preSolution
		HideSolutionNode = FALSE
	EndGlobalSection
	GlobalSection(ExtensibilityGlobals) = postSolution
		EnterpriseLibraryConfigurationToolBinariesPath = packages\Unity.2.1.505.2\lib\NET35
	EndGlobalSection
EndGlobal
